// !$*UTF8*$!
{
	archiveVersion = 1;
	classes = {
	};
	objectVersion = 56;
	objects = {

/* Begin PBXBuildFile section */
		5BC760E8295B8619006BE70F /* AppDelegate.swift in Sources */ = {isa = PBXBuildFile; fileRef = 5BC760E7295B8619006BE70F /* AppDelegate.swift */; };
		5BC760EA295B8619006BE70F /* SceneDelegate.swift in Sources */ = {isa = PBXBuildFile; fileRef = 5BC760E9295B8619006BE70F /* SceneDelegate.swift */; };
		5BC760EC295B8619006BE70F /* ViewController.swift in Sources */ = {isa = PBXBuildFile; fileRef = 5BC760EB295B8619006BE70F /* ViewController.swift */; };
		5BC760EF295B8619006BE70F /* Main.storyboard in Resources */ = {isa = PBXBuildFile; fileRef = 5BC760ED295B8619006BE70F /* Main.storyboard */; };
		5BC760F1295B861A006BE70F /* Assets.xcassets in Resources */ = {isa = PBXBuildFile; fileRef = 5BC760F0295B861A006BE70F /* Assets.xcassets */; };
		5BC760F4295B861A006BE70F /* LaunchScreen.storyboard in Resources */ = {isa = PBXBuildFile; fileRef = 5BC760F2295B861A006BE70F /* LaunchScreen.storyboard */; };
		5BC76100295B8EEE006BE70F /* CollectionTableViewCell.swift in Sources */ = {isa = PBXBuildFile; fileRef = 5BC760FE295B8EEE006BE70F /* CollectionTableViewCell.swift */; };
		5BC76101295B8EEE006BE70F /* CollectionTableViewCell.xib in Resources */ = {isa = PBXBuildFile; fileRef = 5BC760FF295B8EEE006BE70F /* CollectionTableViewCell.xib */; };
		5BC76104295B8F2F006BE70F /* MyCollectionViewCell.swift in Sources */ = {isa = PBXBuildFile; fileRef = 5BC76102295B8F2F006BE70F /* MyCollectionViewCell.swift */; };
		5BC76105295B8F2F006BE70F /* MyCollectionViewCell.xib in Resources */ = {isa = PBXBuildFile; fileRef = 5BC76103295B8F2F006BE70F /* MyCollectionViewCell.xib */; };
/* End PBXBuildFile section */

/* Begin PBXFileReference section */
		5BC760E4295B8619006BE70F /* CollectionView_IN_TableViewCell.app */ = {isa = PBXFileReference; explicitFileType = wrapper.application; includeInIndex = 0; path = CollectionView_IN_TableViewCell.app; sourceTree = BUILT_PRODUCTS_DIR; };
		5BC760E7295B8619006BE70F /* AppDelegate.swift */ = {isa = PBXFileReference; lastKnownFileType = sourcecode.swift; path = AppDelegate.swift; sourceTree = "<group>"; };
		5BC760E9295B8619006BE70F /* SceneDelegate.swift */ = {isa = PBXFileReference; lastKnownFileType = sourcecode.swift; path = SceneDelegate.swift; sourceTree = "<group>"; };
		5BC760EB295B8619006BE70F /* ViewController.swift */ = {isa = PBXFileReference; lastKnownFileType = sourcecode.swift; path = ViewController.swift; sourceTree = "<group>"; };
		5BC760EE295B8619006BE70F /* Base */ = {isa = PBXFileReference; lastKnownFileType = file.storyboard; name = Base; path = Base.lproj/Main.storyboard; sourceTree = "<group>"; };
		5BC760F0295B861A006BE70F /* Assets.xcassets */ = {isa = PBXFileReference; lastKnownFileType = folder.assetcatalog; path = Assets.xcassets; sourceTree = "<group>"; };
		5BC760F3295B861A006BE70F /* Base */ = {isa = PBXFileReference; lastKnownFileType = file.storyboard; name = Base; path = Base.lproj/LaunchScreen.storyboard; sourceTree = "<group>"; };
		5BC760F5295B861A006BE70F /* Info.plist */ = {isa = PBXFileReference; lastKnownFileType = text.plist.xml; path = Info.plist; sourceTree = "<group>"; };
		5BC760FE295B8EEE006BE70F /* CollectionTableViewCell.swift */ = {isa = PBXFileReference; lastKnownFileType = sourcecode.swift; path = CollectionTableViewCell.swift; sourceTree = "<group>"; };
		5BC760FF295B8EEE006BE70F /* CollectionTableViewCell.xib */ = {isa = PBXFileReference; lastKnownFileType = file.xib; path = CollectionTableViewCell.xib; sourceTree = "<group>"; };
		5BC76102295B8F2F006BE70F /* MyCollectionViewCell.swift */ = {isa = PBXFileReference; lastKnownFileType = sourcecode.swift; path = MyCollectionViewCell.swift; sourceTree = "<group>"; };
		5BC76103295B8F2F006BE70F /* MyCollectionViewCell.xib */ = {isa = PBXFileReference; lastKnownFileType = file.xib; path = MyCollectionViewCell.xib; sourceTree = "<group>"; };
/* End PBXFileReference section */

/* Begin PBXFrameworksBuildPhase section */
		5BC760E1295B8619006BE70F /* Frameworks */ = {
			isa = PBXFrameworksBuildPhase;
			buildActionMask = 2147483647;
			files = (
			);
			runOnlyForDeploymentPostprocessing = 0;
		};
/* End PBXFrameworksBuildPhase section */

/* Begin PBXGroup section */
		5BC760DB295B8619006BE70F = {
			isa = PBXGroup;
			children = (
				5BC760E6295B8619006BE70F /* CollectionView_IN_TableViewCell */,
				5BC760E5295B8619006BE70F /* Products */,
			);
			sourceTree = "<group>";
		};
		5BC760E5295B8619006BE70F /* Products */ = {
			isa = PBXGroup;
			children = (
				5BC760E4295B8619006BE70F /* CollectionView_IN_TableViewCell.app */,
			);
			name = Products;
			sourceTree = "<group>";
		};
		5BC760E6295B8619006BE70F /* CollectionView_IN_TableViewCell */ = {
			isa = PBXGroup;
			children = (
				5BC760FD295B8E97006BE70F /* CollectionTableViewCell */,
				5BC760FC295B8E8A006BE70F /* TableCell */,
				5BC760E7295B8619006BE70F /* AppDelegate.swift */,
				5BC760E9295B8619006BE70F /* SceneDelegate.swift */,
				5BC760EB295B8619006BE70F /* ViewController.swift */,
				5BC760ED295B8619006BE70F /* Main.storyboard */,
				5BC760F0295B861A006BE70F /* Assets.xcassets */,
				5BC760F2295B861A006BE70F /* LaunchScreen.storyboard */,
				5BC760F5295B861A006BE70F /* Info.plist */,
			);
			path = CollectionView_IN_TableViewCell;
			sourceTree = "<group>";
		};
		5BC760FC295B8E8A006BE70F /* TableCell */ = {
			isa = PBXGroup;
			children = (
				5BC760FE295B8EEE006BE70F /* CollectionTableViewCell.swift */,
				5BC760FF295B8EEE006BE70F /* CollectionTableViewCell.xib */,
			);
			path = TableCell;
			sourceTree = "<group>";
		};
		5BC760FD295B8E97006BE70F /* CollectionTableViewCell */ = {
			isa = PBXGroup;
			children = (
				5BC76102295B8F2F006BE70F /* MyCollectionViewCell.swift */,
				5BC76103295B8F2F006BE70F /* MyCollectionViewCell.xib */,
			);
			path = CollectionTableViewCell;
			sourceTree = "<group>";
		};
/* End PBXGroup section */

/* Begin PBXNativeTarget section */
		5BC760E3295B8619006BE70F /* CollectionView_IN_TableViewCell */ = {
			isa = PBXNativeTarget;
			buildConfigurationList = 5BC760F8295B861A006BE70F /* Build configuration list for PBXNativeTarget "CollectionView_IN_TableViewCell" */;
			buildPhases = (
				5BC760E0295B8619006BE70F /* Sources */,
				5BC760E1295B8619006BE70F /* Frameworks */,
				5BC760E2295B8619006BE70F /* Resources */,
			);
			buildRules = (
			);
			dependencies = (
			);
			name = CollectionView_IN_TableViewCell;
			productName = CollectionView_IN_TableViewCell;
			productReference = 5BC760E4295B8619006BE70F /* CollectionView_IN_TableViewCell.app */;
			productType = "com.apple.product-type.application";
		};
/* End PBXNativeTarget section */

/* Begin PBXProject section */
		5BC760DC295B8619006BE70F /* Project object */ = {
			isa = PBXProject;
			attributes = {
				BuildIndependentTargetsInParallel = 1;
				LastSwiftUpdateCheck = 1400;
				LastUpgradeCheck = 1400;
				TargetAttributes = {
					5BC760E3295B8619006BE70F = {
						CreatedOnToolsVersion = 14.0.1;
					};
				};
			};
			buildConfigurationList = 5BC760DF295B8619006BE70F /* Build configuration list for PBXProject "CollectionView_IN_TableViewCell" */;
			compatibilityVersion = "Xcode 14.0";
			developmentRegion = en;
			hasScannedForEncodings = 0;
			knownRegions = (
				en,
				Base,
			);
			mainGroup = 5BC760DB295B8619006BE70F;
			productRefGroup = 5BC760E5295B8619006BE70F /* Products */;
			projectDirPath = "";
			projectRoot = "";
			targets = (
				5BC760E3295B8619006BE70F /* CollectionView_IN_TableViewCell */,
			);
		};
/* End PBXProject section */

/* Begin PBXResourcesBuildPhase section */
		5BC760E2295B8619006BE70F /* Resources */ = {
			isa = PBXResourcesBuildPhase;
			buildActionMask = 2147483647;
			files = (
				5BC76105295B8F2F006BE70F /* MyCollectionViewCell.xib in Resources */,
				5BC760F4295B861A006BE70F /* LaunchScreen.storyboard in Resources */,
				5BC760F1295B861A006BE70F /* Assets.xcassets in Resources */,
				5BC760EF295B8619006BE70F /* Main.storyboard in Resources */,
				5BC76101295B8EEE006BE70F /* CollectionTableViewCell.xib in Resources */,
			);
			runOnlyForDeploymentPostprocessing = 0;
		};
/* End PBXResourcesBuildPhase section */

/* Begin PBXSourcesBuildPhase section */
		5BC760E0295B8619006BE70F /* Sources */ = {
			isa = PBXSourcesBuildPhase;
			buildActionMask = 2147483647;
			files = (
				5BC760EC295B8619006BE70F /* ViewController.swift in Sources */,
				5BC76104295B8F2F006BE70F /* MyCollectionViewCell.swift in Sources */,
				5BC760E8295B8619006BE70F /* AppDelegate.swift in Sources */,
				5BC760EA295B8619006BE70F /* SceneDelegate.swift in Sources */,
				5BC76100295B8EEE006BE70F /* CollectionTableViewCell.swift in Sources */,
			);
			runOnlyForDeploymentPostprocessing = 0;
		};
/* End PBXSourcesBuildPhase section */

/* Begin PBXVariantGroup section */
		5BC760ED295B8619006BE70F /* Main.storyboard */ = {
			isa = PBXVariantGroup;
			children = (
				5BC760EE295B8619006BE70F /* Base */,
			);
			name = Main.storyboard;
			sourceTree = "<group>";
		};
		5BC760F2295B861A006BE70F /* LaunchScreen.storyboard */ = {
			isa = PBXVariantGroup;
			children = (
				5BC760F3295B861A006BE70F /* Base */,
			);
			name = LaunchScreen.storyboard;
			sourceTree = "<group>";
		};
/* End PBXVariantGroup section */

/* Begin XCBuildConfiguration section */
		5BC760F6295B861A006BE70F /* Debug */ = {
			isa = XCBuildConfiguration;
			buildSettings = {
				ALWAYS_SEARCH_USER_PATHS = NO;
				CLANG_ANALYZER_NONNULL = YES;
				CLANG_ANALYZER_NUMBER_OBJECT_CONVERSION = YES_AGGRESSIVE;
				CLANG_CXX_LANGUAGE_STANDARD = "gnu++20";
				CLANG_ENABLE_MODULES = YES;
				CLANG_ENABLE_OBJC_ARC = YES;
				CLANG_ENABLE_OBJC_WEAK = YES;
				CLANG_WARN_BLOCK_CAPTURE_AUTORELEASING = YES;
				CLANG_WARN_BOOL_CONVERSION = YES;
				CLANG_WARN_COMMA = YES;
				CLANG_WARN_CONSTANT_CONVERSION = YES;
				CLANG_WARN_DEPRECATED_OBJC_IMPLEMENTATIONS = YES;
				CLANG_WARN_DIRECT_OBJC_ISA_USAGE = YES_ERROR;
				CLANG_WARN_DOCUMENTATION_COMMENTS = YES;
				CLANG_WARN_EMPTY_BODY = YES;
				CLANG_WARN_ENUM_CONVERSION = YES;
				CLANG_WARN_INFINITE_RECURSION = YES;
				CLANG_WARN_INT_CONVERSION = YES;
				CLANG_WARN_NON_LITERAL_NULL_CONVERSION = YES;
				CLANG_WARN_OBJC_IMPLICIT_RETAIN_SELF = YES;
				CLANG_WARN_OBJC_LITERAL_CONVERSION = YES;
				CLANG_WARN_OBJC_ROOT_CLASS = YES_ERROR;
				CLANG_WARN_QUOTED_INCLUDE_IN_FRAMEWORK_HEADER = YES;
				CLANG_WARN_RANGE_LOOP_ANALYSIS = YES;
				CLANG_WARN_STRICT_PROTOTYPES = YES;
				CLANG_WARN_SUSPICIOUS_MOVE = YES;
				CLANG_WARN_UNGUARDED_AVAILABILITY = YES_AGGRESSIVE;
				CLANG_WARN_UNREACHABLE_CODE = YES;
				CLANG_WARN__DUPLICATE_METHOD_MATCH = YES;
				COPY_PHASE_STRIP = NO;
				DEBUG_INFORMATION_FORMAT = dwarf;
				ENABLE_STRICT_OBJC_MSGSEND = YES;
				ENABLE_TESTABILITY = YES;
				GCC_C_LANGUAGE_STANDARD = gnu11;
				GCC_DYNAMIC_NO_PIC = NO;
				GCC_NO_COMMON_BLOCKS = YES;
				GCC_OPTIMIZATION_LEVEL = 0;
				GCC_PREPROCESSOR_DEFINITIONS = (
					"DEBUG=1",
					"$(inherited)",
				);
				GCC_WARN_64_TO_32_BIT_CONVERSION = YES;
				GCC_WARN_ABOUT_RETURN_TYPE = YES_ERROR;
				GCC_WARN_UNDECLARED_SELECTOR = YES;
				GCC_WARN_UNINITIALIZED_AUTOS = YES_AGGRESSIVE;
				GCC_WARN_UNUSED_FUNCTION = YES;
				GCC_WARN_UNUSED_VARIABLE = YES;
				IPHONEOS_DEPLOYMENT_TARGET = 16.0;
				MTL_ENABLE_DEBUG_INFO = INCLUDE_SOURCE;
				MTL_FAST_MATH = YES;
				ONLY_ACTIVE_ARCH = YES;
				SDKROOT = iphoneos;
				SWIFT_ACTIVE_COMPILATION_CONDITIONS = DEBUG;
				SWIFT_OPTIMIZATION_LEVEL = "-Onone";
			};
			name = Debug;
		};
		5BC760F7295B861A006BE70F /* Release */ = {
			isa = XCBuildConfiguration;
			buildSettings = {
				ALWAYS_SEARCH_USER_PATHS = NO;
				CLANG_ANALYZER_NONNULL = YES;
				CLANG_ANALYZER_NUMBER_OBJECT_CONVERSION = YES_AGGRESSIVE;
				CLANG_CXX_LANGUAGE_STANDARD = "gnu++20";
				CLANG_ENABLE_MODULES = YES;
				CLANG_ENABLE_OBJC_ARC = YES;
				CLANG_ENABLE_OBJC_WEAK = YES;
				CLANG_WARN_BLOCK_CAPTURE_AUTORELEASING = YES;
				CLANG_WARN_BOOL_CONVERSION = YES;
				CLANG_WARN_COMMA = YES;
				CLANG_WARN_CONSTANT_CONVERSION = YES;
				CLANG_WARN_DEPRECATED_OBJC_IMPLEMENTATIONS = YES;
				CLANG_WARN_DIRECT_OBJC_ISA_USAGE = YES_ERROR;
				CLANG_WARN_DOCUMENTATION_COMMENTS = YES;
				CLANG_WARN_EMPTY_BODY = YES;
				CLANG_WARN_ENUM_CONVERSION = YES;
				CLANG_WARN_INFINITE_RECURSION = YES;
				CLANG_WARN_INT_CONVERSION = YES;
				CLANG_WARN_NON_LITERAL_NULL_CONVERSION = YES;
				CLANG_WARN_OBJC_IMPLICIT_RETAIN_SELF = YES;
				CLANG_WARN_OBJC_LITERAL_CONVERSION = YES;
				CLANG_WARN_OBJC_ROOT_CLASS = YES_ERROR;
				CLANG_WARN_QUOTED_INCLUDE_IN_FRAMEWORK_HEADER = YES;
				CLANG_WARN_RANGE_LOOP_ANALYSIS = YES;
				CLANG_WARN_STRICT_PROTOTYPES = YES;
				CLANG_WARN_SUSPICIOUS_MOVE = YES;
				CLANG_WARN_UNGUARDED_AVAILABILITY = YES_AGGRESSIVE;
				CLANG_WARN_UNREACHABLE_CODE = YES;
				CLANG_WARN__DUPLICATE_METHOD_MATCH = YES;
				COPY_PHASE_STRIP = NO;
				DEBUG_INFORMATION_FORMAT = "dwarf-with-dsym";
				ENABLE_NS_ASSERTIONS = NO;
				ENABLE_STRICT_OBJC_MSGSEND = YES;
				GCC_C_LANGUAGE_STANDARD = gnu11;
				GCC_NO_COMMON_BLOCKS = YES;
				GCC_WARN_64_TO_32_BIT_CONVERSION = YES;
				GCC_WARN_ABOUT_RETURN_TYPE = YES_ERROR;
				GCC_WARN_UNDECLARED_SELECTOR = YES;
				GCC_WARN_UNINITIALIZED_AUTOS = YES_AGGRESSIVE;
				GCC_WARN_UNUSED_FUNCTION = YES;
				GCC_WARN_UNUSED_VARIABLE = YES;
				IPHONEOS_DEPLOYMENT_TARGET = 16.0;
				MTL_ENABLE_DEBUG_INFO = NO;
				MTL_FAST_MATH = YES;
				SDKROOT = iphoneos;
				SWIFT_COMPILATION_MODE = wholemodule;
				SWIFT_OPTIMIZATION_LEVEL = "-O";
				VALIDATE_PRODUCT = YES;
			};
			name = Release;
		};
		5BC760F9295B861A006BE70F /* Debug */ = {
			isa = XCBuildConfiguration;
			buildSettings = {
				ASSETCATALOG_COMPILER_APPICON_NAME = AppIcon;
				ASSETCATALOG_COMPILER_GLOBAL_ACCENT_COLOR_NAME = AccentColor;
				CODE_SIGN_STYLE = Automatic;
				CURRENT_PROJECT_VERSION = 1;
				GENERATE_INFOPLIST_FILE = YES;
				INFOPLIST_FILE = CollectionView_IN_TableViewCell/Info.plist;
				INFOPLIST_KEY_UIApplicationSupportsIndirectInputEvents = YES;
				INFOPLIST_KEY_UILaunchStoryboardName = LaunchScreen;
				INFOPLIST_KEY_UIMainStoryboardFile = Main;
				INFOPLIST_KEY_UISupportedInterfaceOrientations_iPad = "UIInterfaceOrientationPortrait UIInterfaceOrientationPortraitUpsideDown UIInterfaceOrientationLandscapeLeft UIInterfaceOrientationLandscapeRight";
				INFOPLIST_KEY_UISupportedInterfaceOrientations_iPhone = "UIInterfaceOrientationPortrait UIInterfaceOrientationLandscapeLeft UIInterfaceOrientationLandscapeRight";
				LD_RUNPATH_SEARCH_PATHS = (
					"$(inherited)",
					"@executable_path/Frameworks",
				);
				MARKETING_VERSION = 1.0;
				PRODUCT_BUNDLE_IDENTIFIER = "Salem.CollectionView-IN-TableViewCell";
				PRODUCT_NAME = "$(TARGET_NAME)";
				SWIFT_EMIT_LOC_STRINGS = YES;
				SWIFT_VERSION = 5.0;
				TARGETED_DEVICE_FAMILY = "1,2";
			};
			name = Debug;
		};
		5BC760FA295B861A006BE70F /* Release */ = {
			isa = XCBuildConfiguration;
			buildSettings = {
				ASSETCATALOG_COMPILER_APPICON_NAME = AppIcon;
				ASSETCATALOG_COMPILER_GLOBAL_ACCENT_COLOR_NAME = AccentColor;
				CODE_SIGN_STYLE = Automatic;
				CURRENT_PROJECT_VERSION = 1;
				GENERATE_INFOPLIST_FILE = YES;
				INFOPLIST_FILE = CollectionView_IN_TableViewCell/Info.plist;
				INFOPLIST_KEY_UIApplicationSupportsIndirectInputEvents = YES;
				INFOPLIST_KEY_UILaunchStoryboardName = LaunchScreen;
				INFOPLIST_KEY_UIMainStoryboardFile = Main;
				INFOPLIST_KEY_UISupportedInterfaceOrientations_iPad = "UIInterfaceOrientationPortrait UIInterfaceOrientationPortraitUpsideDown UIInterfaceOrientationLandscapeLeft UIInterfaceOrientationLandscapeRight";
				INFOPLIST_KEY_UISupportedInterfaceOrientations_iPhone = "UIInterfaceOrientationPortrait UIInterfaceOrientationLandscapeLeft UIInterfaceOrientationLandscapeRight";
				LD_RUNPATH_SEARCH_PATHS = (
					"$(inherited)",
					"@executable_path/Frameworks",
				);
				MARKETING_VERSION = 1.0;
				PRODUCT_BUNDLE_IDENTIFIER = "Salem.CollectionView-IN-TableViewCell";
				PRODUCT_NAME = "$(TARGET_NAME)";
				SWIFT_EMIT_LOC_STRINGS = YES;
				SWIFT_VERSION = 5.0;
				TARGETED_DEVICE_FAMILY = "1,2";
			};
			name = Release;
		};
/* End XCBuildConfiguration section */

/* Begin XCConfigurationList section */
		5BC760DF295B8619006BE70F /* Build configuration list for PBXProject "CollectionView_IN_TableViewCell" */ = {
			isa = XCConfigurationList;
			buildConfigurations = (
				5BC760F6295B861A006BE70F /* Debug */,
				5BC760F7295B861A006BE70F /* Release */,
			);
			defaultConfigurationIsVisible = 0;
			defaultConfigurationName = Release;
		};
		5BC760F8295B861A006BE70F /* Build configuration list for PBXNativeTarget "CollectionView_IN_TableViewCell" */ = {
			isa = XCConfigurationList;
			buildConfigurations = (
				5BC760F9295B861A006BE70F /* Debug */,
				5BC760FA295B861A006BE70F /* Release */,
			);
			defaultConfigurationIsVisible = 0;
			defaultConfigurationName = Release;
		};
/* End XCConfigurationList section */
	};
	rootObject = 5BC760DC295B8619006BE70F /* Project object */;
}
